
Microsoft Visual Studio Solution File, Format Version 12.00
# Visual Studio Version 17
VisualStudioVersion = 17.8.34330.188
MinimumVisualStudioVersion = 10.0.40219.1
Project("{FAE04EC0-301F-11D3-BF4B-00C04F79EFBC}") = "LeetCode", "LeetCode\LeetCode.csproj", "{28F689DD-A181-42E9-8C9B-30C62FF32798}"
EndProject
Project("{FAE04EC0-301F-11D3-BF4B-00C04F79EFBC}") = "LeetCodeTest", "LeetCodeTest\LeetCodeTest.csproj", "{490EDC68-0E14-41AC-943D-8409E118CA83}"
EndProject
Global
	GlobalSection(SolutionConfigurationPlatforms) = preSolution
		Debug|Any CPU = Debug|Any CPU
		Release|Any CPU = Release|Any CPU
	EndGlobalSection
	GlobalSection(ProjectConfigurationPlatforms) = postSolution
		{28F689DD-A181-42E9-8C9B-30C62FF32798}.Debug|Any CPU.ActiveCfg = Debug|Any CPU
		{28F689DD-A181-42E9-8C9B-30C62FF32798}.Debug|Any CPU.Build.0 = Debug|Any CPU
		{28F689DD-A181-42E9-8C9B-30C62FF32798}.Release|Any CPU.ActiveCfg = Release|Any CPU
		{28F689DD-A181-42E9-8C9B-30C62FF32798}.Release|Any CPU.Build.0 = Release|Any CPU
		{490EDC68-0E14-41AC-943D-8409E118CA83}.Debug|Any CPU.ActiveCfg = Debug|Any CPU
		{490EDC68-0E14-41AC-943D-8409E118CA83}.Debug|Any CPU.Build.0 = Debug|Any CPU
		{490EDC68-0E14-41AC-943D-8409E118CA83}.Release|Any CPU.ActiveCfg = Release|Any CPU
		{490EDC68-0E14-41AC-943D-8409E118CA83}.Release|Any CPU.Build.0 = Release|Any CPU
	EndGlobalSection
	GlobalSection(SolutionProperties) = preSolution
		HideSolutionNode = FALSE
	EndGlobalSection
	GlobalSection(ExtensibilityGlobals) = postSolution
		SolutionGuid = {5673BA47-12E3-4E48-8D36-A47F1E9E8E24}
	EndGlobalSection
EndGlobal
